// !$*UTF8*$!
{
	archiveVersion = 1;
	classes = {
	};
	objectVersion = 55;
	objects = {

/* Begin PBXBuildFile section */
		039227D9277B59B10091A0EA /* AppDelegate.swift in Sources */ = {isa = PBXBuildFile; fileRef = 039227D8277B59B10091A0EA /* AppDelegate.swift */; };
		039227DB277B59B10091A0EA /* SceneDelegate.swift in Sources */ = {isa = PBXBuildFile; fileRef = 039227DA277B59B10091A0EA /* SceneDelegate.swift */; };
		039227DD277B59B10091A0EA /* ViewController.swift in Sources */ = {isa = PBXBuildFile; fileRef = 039227DC277B59B10091A0EA /* ViewController.swift */; };
		039227E0277B59B10091A0EA /* Main.storyboard in Resources */ = {isa = PBXBuildFile; fileRef = 039227DE277B59B10091A0EA /* Main.storyboard */; };
		039227E2277B59B20091A0EA /* Assets.xcassets in Resources */ = {isa = PBXBuildFile; fileRef = 039227E1277B59B20091A0EA /* Assets.xcassets */; };
		039227E5277B59B20091A0EA /* LaunchScreen.storyboard in Resources */ = {isa = PBXBuildFile; fileRef = 039227E3277B59B20091A0EA /* LaunchScreen.storyboard */; };
		039227F0277B59B20091A0EA /* HyperTraceSampleTests.swift in Sources */ = {isa = PBXBuildFile; fileRef = 039227EF277B59B20091A0EA /* HyperTraceSampleTests.swift */; };
		039227FA277B59B20091A0EA /* HyperTraceSampleUITests.swift in Sources */ = {isa = PBXBuildFile; fileRef = 039227F9277B59B20091A0EA /* HyperTraceSampleUITests.swift */; };
		039227FC277B59B20091A0EA /* HyperTraceSampleUITestsLaunchTests.swift in Sources */ = {isa = PBXBuildFile; fileRef = 039227FB277B59B20091A0EA /* HyperTraceSampleUITestsLaunchTests.swift */; };
		03922810277BB52C0091A0EA /* LogViewController.swift in Sources */ = {isa = PBXBuildFile; fileRef = 0392280F277BB52C0091A0EA /* LogViewController.swift */; };
		039EE340278746A500EF1BE2 /* UploadViewController.swift in Sources */ = {isa = PBXBuildFile; fileRef = 039EE33F278746A500EF1BE2 /* UploadViewController.swift */; };
		03DC1E3927B6C278002AEA38 /* HyperTraceSDK in Frameworks */ = {isa = PBXBuildFile; productRef = 03DC1E3827B6C278002AEA38 /* HyperTraceSDK */; };
/* End PBXBuildFile section */

/* Begin PBXContainerItemProxy section */
		039227EC277B59B20091A0EA /* PBXContainerItemProxy */ = {
			isa = PBXContainerItemProxy;
			containerPortal = 039227CD277B59B10091A0EA /* Project object */;
			proxyType = 1;
			remoteGlobalIDString = 039227D4277B59B10091A0EA;
			remoteInfo = OpenTraceSample;
		};
		039227F6277B59B20091A0EA /* PBXContainerItemProxy */ = {
			isa = PBXContainerItemProxy;
			containerPortal = 039227CD277B59B10091A0EA /* Project object */;
			proxyType = 1;
			remoteGlobalIDString = 039227D4277B59B10091A0EA;
			remoteInfo = OpenTraceSample;
		};
/* End PBXContainerItemProxy section */

/* Begin PBXFileReference section */
		039227D5277B59B10091A0EA /* HyperTraceSample.app */ = {isa = PBXFileReference; explicitFileType = wrapper.application; includeInIndex = 0; path = HyperTraceSample.app; sourceTree = BUILT_PRODUCTS_DIR; };
		039227D8277B59B10091A0EA /* AppDelegate.swift */ = {isa = PBXFileReference; lastKnownFileType = sourcecode.swift; path = AppDelegate.swift; sourceTree = "<group>"; };
		039227DA277B59B10091A0EA /* SceneDelegate.swift */ = {isa = PBXFileReference; lastKnownFileType = sourcecode.swift; path = SceneDelegate.swift; sourceTree = "<group>"; };
		039227DC277B59B10091A0EA /* ViewController.swift */ = {isa = PBXFileReference; lastKnownFileType = sourcecode.swift; path = ViewController.swift; sourceTree = "<group>"; };
		039227DF277B59B10091A0EA /* Base */ = {isa = PBXFileReference; lastKnownFileType = file.storyboard; name = Base; path = Base.lproj/Main.storyboard; sourceTree = "<group>"; };
		039227E1277B59B20091A0EA /* Assets.xcassets */ = {isa = PBXFileReference; lastKnownFileType = folder.assetcatalog; path = Assets.xcassets; sourceTree = "<group>"; };
		039227E4277B59B20091A0EA /* Base */ = {isa = PBXFileReference; lastKnownFileType = file.storyboard; name = Base; path = Base.lproj/LaunchScreen.storyboard; sourceTree = "<group>"; };
		039227E6277B59B20091A0EA /* Info.plist */ = {isa = PBXFileReference; lastKnownFileType = text.plist.xml; path = Info.plist; sourceTree = "<group>"; };
		039227EB277B59B20091A0EA /* HyperTraceSampleTests.xctest */ = {isa = PBXFileReference; explicitFileType = wrapper.cfbundle; includeInIndex = 0; path = HyperTraceSampleTests.xctest; sourceTree = BUILT_PRODUCTS_DIR; };
		039227EF277B59B20091A0EA /* HyperTraceSampleTests.swift */ = {isa = PBXFileReference; lastKnownFileType = sourcecode.swift; path = HyperTraceSampleTests.swift; sourceTree = "<group>"; };
		039227F5277B59B20091A0EA /* HyperTraceSampleUITests.xctest */ = {isa = PBXFileReference; explicitFileType = wrapper.cfbundle; includeInIndex = 0; path = HyperTraceSampleUITests.xctest; sourceTree = BUILT_PRODUCTS_DIR; };
		039227F9277B59B20091A0EA /* HyperTraceSampleUITests.swift */ = {isa = PBXFileReference; lastKnownFileType = sourcecode.swift; path = HyperTraceSampleUITests.swift; sourceTree = "<group>"; };
		039227FB277B59B20091A0EA /* HyperTraceSampleUITestsLaunchTests.swift */ = {isa = PBXFileReference; lastKnownFileType = sourcecode.swift; path = HyperTraceSampleUITestsLaunchTests.swift; sourceTree = "<group>"; };
		0392280F277BB52C0091A0EA /* LogViewController.swift */ = {isa = PBXFileReference; lastKnownFileType = sourcecode.swift; path = LogViewController.swift; sourceTree = "<group>"; };
		039EE33F278746A500EF1BE2 /* UploadViewController.swift */ = {isa = PBXFileReference; lastKnownFileType = sourcecode.swift; path = UploadViewController.swift; sourceTree = "<group>"; };
/* End PBXFileReference section */

/* Begin PBXFrameworksBuildPhase section */
		039227D2277B59B10091A0EA /* Frameworks */ = {
			isa = PBXFrameworksBuildPhase;
			buildActionMask = 2147483647;
			files = (
				03DC1E3927B6C278002AEA38 /* HyperTraceSDK in Frameworks */,
			);
			runOnlyForDeploymentPostprocessing = 0;
		};
		039227E8277B59B20091A0EA /* Frameworks */ = {
			isa = PBXFrameworksBuildPhase;
			buildActionMask = 2147483647;
			files = (
			);
			runOnlyForDeploymentPostprocessing = 0;
		};
		039227F2277B59B20091A0EA /* Frameworks */ = {
			isa = PBXFrameworksBuildPhase;
			buildActionMask = 2147483647;
			files = (
			);
			runOnlyForDeploymentPostprocessing = 0;
		};
/* End PBXFrameworksBuildPhase section */

/* Begin PBXGroup section */
		039227CC277B59B10091A0EA = {
			isa = PBXGroup;
			children = (
				039227D7277B59B10091A0EA /* HyperTraceSample */,
				039227EE277B59B20091A0EA /* HyperTraceSampleTests */,
				039227F8277B59B20091A0EA /* HyperTraceSampleUITests */,
				039227D6277B59B10091A0EA /* Products */,
				0392280C277BA4230091A0EA /* Frameworks */,
			);
			sourceTree = "<group>";
		};
		039227D6277B59B10091A0EA /* Products */ = {
			isa = PBXGroup;
			children = (
				039227D5277B59B10091A0EA /* HyperTraceSample.app */,
				039227EB277B59B20091A0EA /* HyperTraceSampleTests.xctest */,
				039227F5277B59B20091A0EA /* HyperTraceSampleUITests.xctest */,
			);
			name = Products;
			sourceTree = "<group>";
		};
		039227D7277B59B10091A0EA /* HyperTraceSample */ = {
			isa = PBXGroup;
			children = (
				039227D8277B59B10091A0EA /* AppDelegate.swift */,
				039227DA277B59B10091A0EA /* SceneDelegate.swift */,
				039227DC277B59B10091A0EA /* ViewController.swift */,
				0392280F277BB52C0091A0EA /* LogViewController.swift */,
				039EE33F278746A500EF1BE2 /* UploadViewController.swift */,
				039227DE277B59B10091A0EA /* Main.storyboard */,
				039227E1277B59B20091A0EA /* Assets.xcassets */,
				039227E3277B59B20091A0EA /* LaunchScreen.storyboard */,
				039227E6277B59B20091A0EA /* Info.plist */,
			);
			path = HyperTraceSample;
			sourceTree = "<group>";
		};
		039227EE277B59B20091A0EA /* HyperTraceSampleTests */ = {
			isa = PBXGroup;
			children = (
				039227EF277B59B20091A0EA /* HyperTraceSampleTests.swift */,
			);
			path = HyperTraceSampleTests;
			sourceTree = "<group>";
		};
		039227F8277B59B20091A0EA /* HyperTraceSampleUITests */ = {
			isa = PBXGroup;
			children = (
				039227F9277B59B20091A0EA /* HyperTraceSampleUITests.swift */,
				039227FB277B59B20091A0EA /* HyperTraceSampleUITestsLaunchTests.swift */,
			);
			path = HyperTraceSampleUITests;
			sourceTree = "<group>";
		};
		0392280C277BA4230091A0EA /* Frameworks */ = {
			isa = PBXGroup;
			children = (
			);
			name = Frameworks;
			sourceTree = "<group>";
		};
/* End PBXGroup section */

/* Begin PBXNativeTarget section */
		039227D4277B59B10091A0EA /* HyperTraceSample */ = {
			isa = PBXNativeTarget;
			buildConfigurationList = 039227FF277B59B20091A0EA /* Build configuration list for PBXNativeTarget "HyperTraceSample" */;
			buildPhases = (
				039227D1277B59B10091A0EA /* Sources */,
				039227D2277B59B10091A0EA /* Frameworks */,
				039227D3277B59B10091A0EA /* Resources */,
			);
			buildRules = (
			);
			dependencies = (
			);
			name = HyperTraceSample;
			packageProductDependencies = (
				03DC1E3827B6C278002AEA38 /* HyperTraceSDK */,
			);
			productName = OpenTraceSample;
			productReference = 039227D5277B59B10091A0EA /* HyperTraceSample.app */;
			productType = "com.apple.product-type.application";
		};
		039227EA277B59B20091A0EA /* HyperTraceSampleTests */ = {
			isa = PBXNativeTarget;
			buildConfigurationList = 03922802277B59B20091A0EA /* Build configuration list for PBXNativeTarget "HyperTraceSampleTests" */;
			buildPhases = (
				039227E7277B59B20091A0EA /* Sources */,
				039227E8277B59B20091A0EA /* Frameworks */,
				039227E9277B59B20091A0EA /* Resources */,
			);
			buildRules = (
			);
			dependencies = (
				039227ED277B59B20091A0EA /* PBXTargetDependency */,
			);
			name = HyperTraceSampleTests;
			productName = OpenTraceSampleTests;
			productReference = 039227EB277B59B20091A0EA /* HyperTraceSampleTests.xctest */;
			productType = "com.apple.product-type.bundle.unit-test";
		};
		039227F4277B59B20091A0EA /* HyperTraceSampleUITests */ = {
			isa = PBXNativeTarget;
			buildConfigurationList = 03922805277B59B20091A0EA /* Build configuration list for PBXNativeTarget "HyperTraceSampleUITests" */;
			buildPhases = (
				039227F1277B59B20091A0EA /* Sources */,
				039227F2277B59B20091A0EA /* Frameworks */,
				039227F3277B59B20091A0EA /* Resources */,
			);
			buildRules = (
			);
			dependencies = (
				039227F7277B59B20091A0EA /* PBXTargetDependency */,
			);
			name = HyperTraceSampleUITests;
			productName = OpenTraceSampleUITests;
			productReference = 039227F5277B59B20091A0EA /* HyperTraceSampleUITests.xctest */;
			productType = "com.apple.product-type.bundle.ui-testing";
		};
/* End PBXNativeTarget section */

/* Begin PBXProject section */
		039227CD277B59B10091A0EA /* Project object */ = {
			isa = PBXProject;
			attributes = {
				BuildIndependentTargetsInParallel = 1;
				LastSwiftUpdateCheck = 1320;
				LastUpgradeCheck = 1320;
				TargetAttributes = {
					039227D4277B59B10091A0EA = {
						CreatedOnToolsVersion = 13.2.1;
					};
					039227EA277B59B20091A0EA = {
						CreatedOnToolsVersion = 13.2.1;
						TestTargetID = 039227D4277B59B10091A0EA;
					};
					039227F4277B59B20091A0EA = {
						CreatedOnToolsVersion = 13.2.1;
						TestTargetID = 039227D4277B59B10091A0EA;
					};
				};
			};
			buildConfigurationList = 039227D0277B59B10091A0EA /* Build configuration list for PBXProject "HyperTraceSample" */;
			compatibilityVersion = "Xcode 13.0";
			developmentRegion = en;
			hasScannedForEncodings = 0;
			knownRegions = (
				en,
				Base,
			);
			mainGroup = 039227CC277B59B10091A0EA;
			packageReferences = (
				03DC1E3727B6C278002AEA38 /* XCRemoteSwiftPackageReference "hypertrace-ios-sdk" */,
			);
			productRefGroup = 039227D6277B59B10091A0EA /* Products */;
			projectDirPath = "";
			projectRoot = "";
			targets = (
				039227D4277B59B10091A0EA /* HyperTraceSample */,
				039227EA277B59B20091A0EA /* HyperTraceSampleTests */,
				039227F4277B59B20091A0EA /* HyperTraceSampleUITests */,
			);
		};
/* End PBXProject section */

/* Begin PBXResourcesBuildPhase section */
		039227D3277B59B10091A0EA /* Resources */ = {
			isa = PBXResourcesBuildPhase;
			buildActionMask = 2147483647;
			files = (
				039227E5277B59B20091A0EA /* LaunchScreen.storyboard in Resources */,
				039227E2277B59B20091A0EA /* Assets.xcassets in Resources */,
				039227E0277B59B10091A0EA /* Main.storyboard in Resources */,
			);
			runOnlyForDeploymentPostprocessing = 0;
		};
		039227E9277B59B20091A0EA /* Resources */ = {
			isa = PBXResourcesBuildPhase;
			buildActionMask = 2147483647;
			files = (
			);
			runOnlyForDeploymentPostprocessing = 0;
		};
		039227F3277B59B20091A0EA /* Resources */ = {
			isa = PBXResourcesBuildPhase;
			buildActionMask = 2147483647;
			files = (
			);
			runOnlyForDeploymentPostprocessing = 0;
		};
/* End PBXResourcesBuildPhase section */

/* Begin PBXSourcesBuildPhase section */
		039227D1277B59B10091A0EA /* Sources */ = {
			isa = PBXSourcesBuildPhase;
			buildActionMask = 2147483647;
			files = (
				039227DD277B59B10091A0EA /* ViewController.swift in Sources */,
				039EE340278746A500EF1BE2 /* UploadViewController.swift in Sources */,
				039227D9277B59B10091A0EA /* AppDelegate.swift in Sources */,
				039227DB277B59B10091A0EA /* SceneDelegate.swift in Sources */,
				03922810277BB52C0091A0EA /* LogViewController.swift in Sources */,
			);
			runOnlyForDeploymentPostprocessing = 0;
		};
		039227E7277B59B20091A0EA /* Sources */ = {
			isa = PBXSourcesBuildPhase;
			buildActionMask = 2147483647;
			files = (
				039227F0277B59B20091A0EA /* HyperTraceSampleTests.swift in Sources */,
			);
			runOnlyForDeploymentPostprocessing = 0;
		};
		039227F1277B59B20091A0EA /* Sources */ = {
			isa = PBXSourcesBuildPhase;
			buildActionMask = 2147483647;
			files = (
				039227FC277B59B20091A0EA /* HyperTraceSampleUITestsLaunchTests.swift in Sources */,
				039227FA277B59B20091A0EA /* HyperTraceSampleUITests.swift in Sources */,
			);
			runOnlyForDeploymentPostprocessing = 0;
		};
/* End PBXSourcesBuildPhase section */

/* Begin PBXTargetDependency section */
		039227ED277B59B20091A0EA /* PBXTargetDependency */ = {
			isa = PBXTargetDependency;
			target = 039227D4277B59B10091A0EA /* HyperTraceSample */;
			targetProxy = 039227EC277B59B20091A0EA /* PBXContainerItemProxy */;
		};
		039227F7277B59B20091A0EA /* PBXTargetDependency */ = {
			isa = PBXTargetDependency;
			target = 039227D4277B59B10091A0EA /* HyperTraceSample */;
			targetProxy = 039227F6277B59B20091A0EA /* PBXContainerItemProxy */;
		};
/* End PBXTargetDependency section */

/* Begin PBXVariantGroup section */
		039227DE277B59B10091A0EA /* Main.storyboard */ = {
			isa = PBXVariantGroup;
			children = (
				039227DF277B59B10091A0EA /* Base */,
			);
			name = Main.storyboard;
			sourceTree = "<group>";
		};
		039227E3277B59B20091A0EA /* LaunchScreen.storyboard */ = {
			isa = PBXVariantGroup;
			children = (
				039227E4277B59B20091A0EA /* Base */,
			);
			name = LaunchScreen.storyboard;
			sourceTree = "<group>";
		};
/* End PBXVariantGroup section */

/* Begin XCBuildConfiguration section */
		039227FD277B59B20091A0EA /* Debug */ = {
			isa = XCBuildConfiguration;
			buildSettings = {
				ALWAYS_SEARCH_USER_PATHS = NO;
				CLANG_ANALYZER_NONNULL = YES;
				CLANG_ANALYZER_NUMBER_OBJECT_CONVERSION = YES_AGGRESSIVE;
				CLANG_CXX_LANGUAGE_STANDARD = "gnu++17";
				CLANG_CXX_LIBRARY = "libc++";
				CLANG_ENABLE_MODULES = YES;
				CLANG_ENABLE_OBJC_ARC = YES;
				CLANG_ENABLE_OBJC_WEAK = YES;
				CLANG_WARN_BLOCK_CAPTURE_AUTORELEASING = YES;
				CLANG_WARN_BOOL_CONVERSION = YES;
				CLANG_WARN_COMMA = YES;
				CLANG_WARN_CONSTANT_CONVERSION = YES;
				CLANG_WARN_DEPRECATED_OBJC_IMPLEMENTATIONS = YES;
				CLANG_WARN_DIRECT_OBJC_ISA_USAGE = YES_ERROR;
				CLANG_WARN_DOCUMENTATION_COMMENTS = YES;
				CLANG_WARN_EMPTY_BODY = YES;
				CLANG_WARN_ENUM_CONVERSION = YES;
				CLANG_WARN_INFINITE_RECURSION = YES;
				CLANG_WARN_INT_CONVERSION = YES;
				CLANG_WARN_NON_LITERAL_NULL_CONVERSION = YES;
				CLANG_WARN_OBJC_IMPLICIT_RETAIN_SELF = YES;
				CLANG_WARN_OBJC_LITERAL_CONVERSION = YES;
				CLANG_WARN_OBJC_ROOT_CLASS = YES_ERROR;
				CLANG_WARN_QUOTED_INCLUDE_IN_FRAMEWORK_HEADER = YES;
				CLANG_WARN_RANGE_LOOP_ANALYSIS = YES;
				CLANG_WARN_STRICT_PROTOTYPES = YES;
				CLANG_WARN_SUSPICIOUS_MOVE = YES;
				CLANG_WARN_UNGUARDED_AVAILABILITY = YES_AGGRESSIVE;
				CLANG_WARN_UNREACHABLE_CODE = YES;
				CLANG_WARN__DUPLICATE_METHOD_MATCH = YES;
				COPY_PHASE_STRIP = NO;
				DEBUG_INFORMATION_FORMAT = dwarf;
				ENABLE_STRICT_OBJC_MSGSEND = YES;
				ENABLE_TESTABILITY = YES;
				GCC_C_LANGUAGE_STANDARD = gnu11;
				GCC_DYNAMIC_NO_PIC = NO;
				GCC_NO_COMMON_BLOCKS = YES;
				GCC_OPTIMIZATION_LEVEL = 0;
				GCC_PREPROCESSOR_DEFINITIONS = (
					"DEBUG=1",
					"$(inherited)",
				);
				GCC_WARN_64_TO_32_BIT_CONVERSION = YES;
				GCC_WARN_ABOUT_RETURN_TYPE = YES_ERROR;
				GCC_WARN_UNDECLARED_SELECTOR = YES;
				GCC_WARN_UNINITIALIZED_AUTOS = YES_AGGRESSIVE;
				GCC_WARN_UNUSED_FUNCTION = YES;
				GCC_WARN_UNUSED_VARIABLE = YES;
				IPHONEOS_DEPLOYMENT_TARGET = 15.2;
				MTL_ENABLE_DEBUG_INFO = INCLUDE_SOURCE;
				MTL_FAST_MATH = YES;
				ONLY_ACTIVE_ARCH = YES;
				SDKROOT = iphoneos;
				SWIFT_ACTIVE_COMPILATION_CONDITIONS = DEBUG;
				SWIFT_OPTIMIZATION_LEVEL = "-Onone";
			};
			name = Debug;
		};
		039227FE277B59B20091A0EA /* Release */ = {
			isa = XCBuildConfiguration;
			buildSettings = {
				ALWAYS_SEARCH_USER_PATHS = NO;
				CLANG_ANALYZER_NONNULL = YES;
				CLANG_ANALYZER_NUMBER_OBJECT_CONVERSION = YES_AGGRESSIVE;
				CLANG_CXX_LANGUAGE_STANDARD = "gnu++17";
				CLANG_CXX_LIBRARY = "libc++";
				CLANG_ENABLE_MODULES = YES;
				CLANG_ENABLE_OBJC_ARC = YES;
				CLANG_ENABLE_OBJC_WEAK = YES;
				CLANG_WARN_BLOCK_CAPTURE_AUTORELEASING = YES;
				CLANG_WARN_BOOL_CONVERSION = YES;
				CLANG_WARN_COMMA = YES;
				CLANG_WARN_CONSTANT_CONVERSION = YES;
				CLANG_WARN_DEPRECATED_OBJC_IMPLEMENTATIONS = YES;
				CLANG_WARN_DIRECT_OBJC_ISA_USAGE = YES_ERROR;
				CLANG_WARN_DOCUMENTATION_COMMENTS = YES;
				CLANG_WARN_EMPTY_BODY = YES;
				CLANG_WARN_ENUM_CONVERSION = YES;
				CLANG_WARN_INFINITE_RECURSION = YES;
				CLANG_WARN_INT_CONVERSION = YES;
				CLANG_WARN_NON_LITERAL_NULL_CONVERSION = YES;
				CLANG_WARN_OBJC_IMPLICIT_RETAIN_SELF = YES;
				CLANG_WARN_OBJC_LITERAL_CONVERSION = YES;
				CLANG_WARN_OBJC_ROOT_CLASS = YES_ERROR;
				CLANG_WARN_QUOTED_INCLUDE_IN_FRAMEWORK_HEADER = YES;
				CLANG_WARN_RANGE_LOOP_ANALYSIS = YES;
				CLANG_WARN_STRICT_PROTOTYPES = YES;
				CLANG_WARN_SUSPICIOUS_MOVE = YES;
				CLANG_WARN_UNGUARDED_AVAILABILITY = YES_AGGRESSIVE;
				CLANG_WARN_UNREACHABLE_CODE = YES;
				CLANG_WARN__DUPLICATE_METHOD_MATCH = YES;
				COPY_PHASE_STRIP = NO;
				DEBUG_INFORMATION_FORMAT = "dwarf-with-dsym";
				ENABLE_NS_ASSERTIONS = NO;
				ENABLE_STRICT_OBJC_MSGSEND = YES;
				GCC_C_LANGUAGE_STANDARD = gnu11;
				GCC_NO_COMMON_BLOCKS = YES;
				GCC_WARN_64_TO_32_BIT_CONVERSION = YES;
				GCC_WARN_ABOUT_RETURN_TYPE = YES_ERROR;
				GCC_WARN_UNDECLARED_SELECTOR = YES;
				GCC_WARN_UNINITIALIZED_AUTOS = YES_AGGRESSIVE;
				GCC_WARN_UNUSED_FUNCTION = YES;
				GCC_WARN_UNUSED_VARIABLE = YES;
				IPHONEOS_DEPLOYMENT_TARGET = 15.2;
				MTL_ENABLE_DEBUG_INFO = NO;
				MTL_FAST_MATH = YES;
				SDKROOT = iphoneos;
				SWIFT_COMPILATION_MODE = wholemodule;
				SWIFT_OPTIMIZATION_LEVEL = "-O";
				VALIDATE_PRODUCT = YES;
			};
			name = Release;
		};
		03922800277B59B20091A0EA /* Debug */ = {
			isa = XCBuildConfiguration;
			buildSettings = {
				ASSETCATALOG_COMPILER_APPICON_NAME = AppIcon;
				ASSETCATALOG_COMPILER_GLOBAL_ACCENT_COLOR_NAME = AccentColor;
				CODE_SIGN_IDENTITY = "Apple Development";
				CODE_SIGN_STYLE = Automatic;
				CURRENT_PROJECT_VERSION = 1;
				DEVELOPMENT_TEAM = NNTV3ZQR3E;
				GENERATE_INFOPLIST_FILE = YES;
				INFOPLIST_FILE = HyperTraceSample/Info.plist;
				INFOPLIST_KEY_NSBluetoothAlwaysUsageDescription = "To Trace other devices";
				INFOPLIST_KEY_NSBluetoothPeripheralUsageDescription = "To Find Other Devices";
				INFOPLIST_KEY_UIApplicationSupportsIndirectInputEvents = YES;
				INFOPLIST_KEY_UILaunchStoryboardName = LaunchScreen;
				INFOPLIST_KEY_UIMainStoryboardFile = Main;
				INFOPLIST_KEY_UISupportedInterfaceOrientations = UIInterfaceOrientationPortrait;
				INFOPLIST_KEY_UISupportedInterfaceOrientations_iPad = "UIInterfaceOrientationPortrait UIInterfaceOrientationPortraitUpsideDown UIInterfaceOrientationLandscapeLeft UIInterfaceOrientationLandscapeRight";
				INFOPLIST_KEY_UISupportedInterfaceOrientations_iPhone = "UIInterfaceOrientationPortrait UIInterfaceOrientationLandscapeLeft UIInterfaceOrientationLandscapeRight";
				IPHONEOS_DEPLOYMENT_TARGET = 13.0;
				LD_RUNPATH_SEARCH_PATHS = (
					"$(inherited)",
					"@executable_path/Frameworks",
				);
				MARKETING_VERSION = 1.0;
				PRODUCT_BUNDLE_IDENTIFIER = tech.hyperjump.HyperTraceSample;
				PRODUCT_NAME = "$(TARGET_NAME)";
				PROVISIONING_PROFILE_SPECIFIER = "";
				SWIFT_EMIT_LOC_STRINGS = YES;
				SWIFT_VERSION = 5.0;
				TARGETED_DEVICE_FAMILY = 1;
			};
			name = Debug;
		};
		03922801277B59B20091A0EA /* Release */ = {
			isa = XCBuildConfiguration;
			buildSettings = {
				ASSETCATALOG_COMPILER_APPICON_NAME = AppIcon;
				ASSETCATALOG_COMPILER_GLOBAL_ACCENT_COLOR_NAME = AccentColor;
				CODE_SIGN_IDENTITY = "Apple Development";
				CODE_SIGN_STYLE = Automatic;
				CURRENT_PROJECT_VERSION = 1;
				DEVELOPMENT_TEAM = NNTV3ZQR3E;
				GENERATE_INFOPLIST_FILE = YES;
				INFOPLIST_FILE = HyperTraceSample/Info.plist;
				INFOPLIST_KEY_NSBluetoothAlwaysUsageDescription = "To Trace other devices";
				INFOPLIST_KEY_NSBluetoothPeripheralUsageDescription = "To Find Other Devices";
				INFOPLIST_KEY_UIApplicationSupportsIndirectInputEvents = YES;
				INFOPLIST_KEY_UILaunchStoryboardName = LaunchScreen;
				INFOPLIST_KEY_UIMainStoryboardFile = Main;
				INFOPLIST_KEY_UISupportedInterfaceOrientations = UIInterfaceOrientationPortrait;
				INFOPLIST_KEY_UISupportedInterfaceOrientations_iPad = "UIInterfaceOrientationPortrait UIInterfaceOrientationPortraitUpsideDown UIInterfaceOrientationLandscapeLeft UIInterfaceOrientationLandscapeRight";
				INFOPLIST_KEY_UISupportedInterfaceOrientations_iPhone = "UIInterfaceOrientationPortrait UIInterfaceOrientationLandscapeLeft UIInterfaceOrientationLandscapeRight";
				IPHONEOS_DEPLOYMENT_TARGET = 13.0;
				LD_RUNPATH_SEARCH_PATHS = (
					"$(inherited)",
					"@executable_path/Frameworks",
				);
				MARKETING_VERSION = 1.0;
				PRODUCT_BUNDLE_IDENTIFIER = tech.hyperjump.HyperTraceSample;
				PRODUCT_NAME = "$(TARGET_NAME)";
				PROVISIONING_PROFILE_SPECIFIER = "";
				SWIFT_EMIT_LOC_STRINGS = YES;
				SWIFT_VERSION = 5.0;
				TARGETED_DEVICE_FAMILY = 1;
			};
			name = Release;
		};
		03922803277B59B20091A0EA /* Debug */ = {
			isa = XCBuildConfiguration;
			buildSettings = {
				ALWAYS_EMBED_SWIFT_STANDARD_LIBRARIES = YES;
				BUNDLE_LOADER = "$(TEST_HOST)";
				CODE_SIGN_STYLE = Automatic;
				CURRENT_PROJECT_VERSION = 1;
				DEVELOPMENT_TEAM = NNTV3ZQR3E;
				GENERATE_INFOPLIST_FILE = YES;
				IPHONEOS_DEPLOYMENT_TARGET = 15.2;
				MARKETING_VERSION = 1.0;
				PRODUCT_BUNDLE_IDENTIFIER = tech.hyperjump.OpenTraceSampleTests;
				PRODUCT_NAME = "$(TARGET_NAME)";
				SWIFT_EMIT_LOC_STRINGS = NO;
				SWIFT_VERSION = 5.0;
				TARGETED_DEVICE_FAMILY = "1,2";
				TEST_HOST = "$(BUILT_PRODUCTS_DIR)/HyperTraceSample.app/HyperTraceSample";
			};
			name = Debug;
		};
		03922804277B59B20091A0EA /* Release */ = {
			isa = XCBuildConfiguration;
			buildSettings = {
				ALWAYS_EMBED_SWIFT_STANDARD_LIBRARIES = YES;
				BUNDLE_LOADER = "$(TEST_HOST)";
				CODE_SIGN_STYLE = Automatic;
				CURRENT_PROJECT_VERSION = 1;
				DEVELOPMENT_TEAM = NNTV3ZQR3E;
				GENERATE_INFOPLIST_FILE = YES;
				IPHONEOS_DEPLOYMENT_TARGET = 15.2;
				MARKETING_VERSION = 1.0;
				PRODUCT_BUNDLE_IDENTIFIER = tech.hyperjump.OpenTraceSampleTests;
				PRODUCT_NAME = "$(TARGET_NAME)";
				SWIFT_EMIT_LOC_STRINGS = NO;
				SWIFT_VERSION = 5.0;
				TARGETED_DEVICE_FAMILY = "1,2";
				TEST_HOST = "$(BUILT_PRODUCTS_DIR)/HyperTraceSample.app/HyperTraceSample";
			};
			name = Release;
		};
		03922806277B59B20091A0EA /* Debug */ = {
			isa = XCBuildConfiguration;
			buildSettings = {
				ALWAYS_EMBED_SWIFT_STANDARD_LIBRARIES = YES;
				CODE_SIGN_STYLE = Automatic;
				CURRENT_PROJECT_VERSION = 1;
				DEVELOPMENT_TEAM = NNTV3ZQR3E;
				GENERATE_INFOPLIST_FILE = YES;
				MARKETING_VERSION = 1.0;
				PRODUCT_BUNDLE_IDENTIFIER = tech.hyperjump.OpenTraceSampleUITests;
				PRODUCT_NAME = "$(TARGET_NAME)";
				SWIFT_EMIT_LOC_STRINGS = NO;
				SWIFT_VERSION = 5.0;
				TARGETED_DEVICE_FAMILY = "1,2";
				TEST_TARGET_NAME = OpenTraceSample;
			};
			name = Debug;
		};
		03922807277B59B20091A0EA /* Release */ = {
			isa = XCBuildConfiguration;
			buildSettings = {
				ALWAYS_EMBED_SWIFT_STANDARD_LIBRARIES = YES;
				CODE_SIGN_STYLE = Automatic;
				CURRENT_PROJECT_VERSION = 1;
				DEVELOPMENT_TEAM = NNTV3ZQR3E;
				GENERATE_INFOPLIST_FILE = YES;
				MARKETING_VERSION = 1.0;
				PRODUCT_BUNDLE_IDENTIFIER = tech.hyperjump.OpenTraceSampleUITests;
				PRODUCT_NAME = "$(TARGET_NAME)";
				SWIFT_EMIT_LOC_STRINGS = NO;
				SWIFT_VERSION = 5.0;
				TARGETED_DEVICE_FAMILY = "1,2";
				TEST_TARGET_NAME = OpenTraceSample;
			};
			name = Release;
		};
/* End XCBuildConfiguration section */

/* Begin XCConfigurationList section */
		039227D0277B59B10091A0EA /* Build configuration list for PBXProject "HyperTraceSample" */ = {
			isa = XCConfigurationList;
			buildConfigurations = (
				039227FD277B59B20091A0EA /* Debug */,
				039227FE277B59B20091A0EA /* Release */,
			);
			defaultConfigurationIsVisible = 0;
			defaultConfigurationName = Release;
		};
		039227FF277B59B20091A0EA /* Build configuration list for PBXNativeTarget "HyperTraceSample" */ = {
			isa = XCConfigurationList;
			buildConfigurations = (
				03922800277B59B20091A0EA /* Debug */,
				03922801277B59B20091A0EA /* Release */,
			);
			defaultConfigurationIsVisible = 0;
			defaultConfigurationName = Release;
		};
		03922802277B59B20091A0EA /* Build configuration list for PBXNativeTarget "HyperTraceSampleTests" */ = {
			isa = XCConfigurationList;
			buildConfigurations = (
				03922803277B59B20091A0EA /* Debug */,
				03922804277B59B20091A0EA /* Release */,
			);
			defaultConfigurationIsVisible = 0;
			defaultConfigurationName = Release;
		};
		03922805277B59B20091A0EA /* Build configuration list for PBXNativeTarget "HyperTraceSampleUITests" */ = {
			isa = XCConfigurationList;
			buildConfigurations = (
				03922806277B59B20091A0EA /* Debug */,
				03922807277B59B20091A0EA /* Release */,
			);
			defaultConfigurationIsVisible = 0;
			defaultConfigurationName = Release;
		};
/* End XCConfigurationList section */

/* Begin XCRemoteSwiftPackageReference section */
		03DC1E3727B6C278002AEA38 /* XCRemoteSwiftPackageReference "hypertrace-ios-sdk" */ = {
			isa = XCRemoteSwiftPackageReference;
			repositoryURL = "https://github.com/hyperjumptech/hypertrace-ios-sdk";
			requirement = {
				kind = upToNextMajorVersion;
				minimumVersion = 1.0.0;
			};
		};
/* End XCRemoteSwiftPackageReference section */

/* Begin XCSwiftPackageProductDependency section */
		03DC1E3827B6C278002AEA38 /* HyperTraceSDK */ = {
			isa = XCSwiftPackageProductDependency;
			package = 03DC1E3727B6C278002AEA38 /* XCRemoteSwiftPackageReference "hypertrace-ios-sdk" */;
			productName = HyperTraceSDK;
		};
/* End XCSwiftPackageProductDependency section */
	};
	rootObject = 039227CD277B59B10091A0EA /* Project object */;
}
